
Microsoft Visual Studio Solution File, Format Version 10.00
# Visual Studio 2008
Project("{8BC9CEB8-8B4A-11D0-8D11-00A0C91BC942}") = "engine", "engine.vcproj", "{79512B4E-48C3-45C9-9498-3F94FF59624D}"
EndProject
Global
	GlobalSection(SolutionConfigurationPlatforms) = preSolution
		Debug|Win32 = Debug|Win32
		Release|Win32 = Release|Win32
	EndGlobalSection
	GlobalSection(ProjectConfigurationPlatforms) = postSolution
		{79512B4E-48C3-45C9-9498-3F94FF59624D}.Debug|Win32.ActiveCfg = Debug|Win32
		{79512B4E-48C3-45C9-9498-3F94FF59624D}.Debug|Win32.Build.0 = Debug|Win32
		{79512B4E-48C3-45C9-9498-3F94FF59624D}.Release|Win32.ActiveCfg = Release|Win32
		{79512B4E-48C3-45C9-9498-3F94FF59624D}.Release|Win32.Build.0 = Release|Win32
	EndGlobalSection
	GlobalSection(SolutionProperties) = preSolution
		HideSolutionNode = FALSE
	EndGlobalSection
EndGlobal
